
Microsoft Visual Studio Solution File, Format Version 12.00
# Visual Studio Version 17
VisualStudioVersion = 17.7.34024.191
MinimumVisualStudioVersion = 10.0.40219.1
Project("{8BC9CEB8-8B4A-11D0-8D11-00A0C91BC942}") = "线性表_顺序表", "线性表_顺序表.vcxproj", "{D9C5633F-2AC6-4DEE-97A1-26ED2BB99205}"
EndProject
Global
	GlobalSection(SolutionConfigurationPlatforms) = preSolution
		Debug|x64 = Debug|x64
		Debug|x86 = Debug|x86
		Release|x64 = Release|x64
		Release|x86 = Release|x86
	EndGlobalSection
	GlobalSection(ProjectConfigurationPlatforms) = postSolution
		{D9C5633F-2AC6-4DEE-97A1-26ED2BB99205}.Debug|x64.ActiveCfg = Debug|x64
		{D9C5633F-2AC6-4DEE-97A1-26ED2BB99205}.Debug|x64.Build.0 = Debug|x64
		{D9C5633F-2AC6-4DEE-97A1-26ED2BB99205}.Debug|x86.ActiveCfg = Debug|Win32
		{D9C5633F-2AC6-4DEE-97A1-26ED2BB99205}.Debug|x86.Build.0 = Debug|Win32
		{D9C5633F-2AC6-4DEE-97A1-26ED2BB99205}.Release|x64.ActiveCfg = Release|x64
		{D9C5633F-2AC6-4DEE-97A1-26ED2BB99205}.Release|x64.Build.0 = Release|x64
		{D9C5633F-2AC6-4DEE-97A1-26ED2BB99205}.Release|x86.ActiveCfg = Release|Win32
		{D9C5633F-2AC6-4DEE-97A1-26ED2BB99205}.Release|x86.Build.0 = Release|Win32
	EndGlobalSection
	GlobalSection(SolutionProperties) = preSolution
		HideSolutionNode = FALSE
	EndGlobalSection
	GlobalSection(ExtensibilityGlobals) = postSolution
		SolutionGuid = {6AB8F8D0-F103-4991-A604-AA352B695BBB}
	EndGlobalSection
EndGlobal
