
Microsoft Visual Studio Solution File, Format Version 12.00
# Visual Studio Version 17
VisualStudioVersion = 17.7.34024.191
MinimumVisualStudioVersion = 10.0.40219.1
Project("{8BC9CEB8-8B4A-11D0-8D11-00A0C91BC942}") = "数据结构_顺序双端队列", "数据结构_顺序双端队列.vcxproj", "{E320D725-7860-4CF5-9E18-B0854D414DD2}"
EndProject
Global
	GlobalSection(SolutionConfigurationPlatforms) = preSolution
		Debug|x64 = Debug|x64
		Debug|x86 = Debug|x86
		Release|x64 = Release|x64
		Release|x86 = Release|x86
	EndGlobalSection
	GlobalSection(ProjectConfigurationPlatforms) = postSolution
		{E320D725-7860-4CF5-9E18-B0854D414DD2}.Debug|x64.ActiveCfg = Debug|x64
		{E320D725-7860-4CF5-9E18-B0854D414DD2}.Debug|x64.Build.0 = Debug|x64
		{E320D725-7860-4CF5-9E18-B0854D414DD2}.Debug|x86.ActiveCfg = Debug|Win32
		{E320D725-7860-4CF5-9E18-B0854D414DD2}.Debug|x86.Build.0 = Debug|Win32
		{E320D725-7860-4CF5-9E18-B0854D414DD2}.Release|x64.ActiveCfg = Release|x64
		{E320D725-7860-4CF5-9E18-B0854D414DD2}.Release|x64.Build.0 = Release|x64
		{E320D725-7860-4CF5-9E18-B0854D414DD2}.Release|x86.ActiveCfg = Release|Win32
		{E320D725-7860-4CF5-9E18-B0854D414DD2}.Release|x86.Build.0 = Release|Win32
	EndGlobalSection
	GlobalSection(SolutionProperties) = preSolution
		HideSolutionNode = FALSE
	EndGlobalSection
	GlobalSection(ExtensibilityGlobals) = postSolution
		SolutionGuid = {E9387865-6B92-42EB-ACE9-6AFBBBF37AC0}
	EndGlobalSection
EndGlobal
